
Microsoft Visual Studio Solution File, Format Version 12.00
# Visual Studio Version 17
VisualStudioVersion = 17.2.32519.379
MinimumVisualStudioVersion = 10.0.40219.1
Project("{FAE04EC0-301F-11D3-BF4B-00C04F79EFBC}") = "Vidyakali", "Vidyakali.csproj", "{FD3F3A28-1E82-4451-A3DF-6240CC919844}"
EndProject
Global
	GlobalSection(SolutionConfigurationPlatforms) = preSolution
		Debug|Any CPU = Debug|Any CPU
		Release|Any CPU = Release|Any CPU
	EndGlobalSection
	GlobalSection(ProjectConfigurationPlatforms) = postSolution
		{FD3F3A28-1E82-4451-A3DF-6240CC919844}.Debug|Any CPU.ActiveCfg = Debug|Any CPU
		{FD3F3A28-1E82-4451-A3DF-6240CC919844}.Debug|Any CPU.Build.0 = Debug|Any CPU
		{FD3F3A28-1E82-4451-A3DF-6240CC919844}.Release|Any CPU.ActiveCfg = Release|Any CPU
		{FD3F3A28-1E82-4451-A3DF-6240CC919844}.Release|Any CPU.Build.0 = Release|Any CPU
	EndGlobalSection
	GlobalSection(SolutionProperties) = preSolution
		HideSolutionNode = FALSE
	EndGlobalSection
	GlobalSection(ExtensibilityGlobals) = postSolution
		SolutionGuid = {CC5E80C4-045A-4A52-9ABA-488466D31D9A}
	EndGlobalSection
EndGlobal
